
Microsoft Visual Studio Solution File, Format Version 12.00
# Visual Studio Version 16
VisualStudioVersion = 16.0.30804.86
MinimumVisualStudioVersion = 10.0.40219.1
Project("{8BC9CEB8-8B4A-11D0-8D11-00A0C91BC942}") = "Sandbox", "Sandbox\Sandbox.vcxproj", "{13E7ECB1-EB88-4FEE-924E-C493672972A0}"
EndProject
Project("{8BC9CEB8-8B4A-11D0-8D11-00A0C91BC942}") = "Hazel", "Hazel\Hazel.vcxproj", "{11F15BBA-BEA4-45E6-AF63-78F7F239231E}"
EndProject
Global
	GlobalSection(SolutionConfigurationPlatforms) = preSolution
		Debug|x64 = Debug|x64
		Release|x64 = Release|x64
	EndGlobalSection
	GlobalSection(ProjectConfigurationPlatforms) = postSolution
		{11F15BBA-BEA4-45E6-AF63-78F7F239231E}.Debug|x64.ActiveCfg = Debug|x64
		{11F15BBA-BEA4-45E6-AF63-78F7F239231E}.Debug|x64.Build.0 = Debug|x64
		{11F15BBA-BEA4-45E6-AF63-78F7F239231E}.Release|x64.ActiveCfg = Release|x64
		{11F15BBA-BEA4-45E6-AF63-78F7F239231E}.Release|x64.Build.0 = Release|x64
		{13E7ECB1-EB88-4FEE-924E-C493672972A0}.Debug|x64.ActiveCfg = Debug|x64
		{13E7ECB1-EB88-4FEE-924E-C493672972A0}.Debug|x64.Build.0 = Debug|x64
		{13E7ECB1-EB88-4FEE-924E-C493672972A0}.Release|x64.ActiveCfg = Release|x64
		{13E7ECB1-EB88-4FEE-924E-C493672972A0}.Release|x64.Build.0 = Release|x64
	EndGlobalSection
	GlobalSection(SolutionProperties) = preSolution
		HideSolutionNode = FALSE
	EndGlobalSection
	GlobalSection(ExtensibilityGlobals) = postSolution
		SolutionGuid = {0AE06DFA-FA46-4932-9E53-FFEC5E787065}
	EndGlobalSection
EndGlobal
